
Microsoft Visual Studio Solution File, Format Version 12.00
# Visual Studio Version 17
VisualStudioVersion = 17.0.31903.59
MinimumVisualStudioVersion = 10.0.40219.1
Project("{9A19103F-16F7-4668-BE54-9A1E7A4F7556}") = "ProfileMatch.Models", "ProfileMatch.Models\ProfileMatch.Models.csproj", "{FA917FAC-00F4-4B95-ABF0-917A31B06C42}"
EndProject
Project("{9A19103F-16F7-4668-BE54-9A1E7A4F7556}") = "ProfileMatch.Web", "ProfileMatch.Web\ProfileMatch.Web.csproj", "{2E5DD41C-759B-40CE-886B-A9408025E46C}"
EndProject
Project("{9A19103F-16F7-4668-BE54-9A1E7A4F7556}") = "ProfileMatch.Repositories", "ProfileMatch.Repositories\ProfileMatch.Repositories.csproj", "{2B16B757-8E2F-4D61-A9E1-8B6407DDE69D}"
EndProject
Project("{9A19103F-16F7-4668-BE54-9A1E7A4F7556}") = "ProfileMatch.Services", "ProfileMatch.Services\ProfileMatch.Services.csproj", "{F5FD92F0-060A-45BF-B9A4-7319BE0B27EC}"
EndProject
Project("{9A19103F-16F7-4668-BE54-9A1E7A4F7556}") = "ProfileMatch.Sites", "ProfileMatch.Sites\ProfileMatch.Sites.csproj", "{E49DE8C6-61A8-42B2-B4C2-CE8147434798}"
EndProject
Project("{9A19103F-16F7-4668-BE54-9A1E7A4F7556}") = "ProfileMatch.Data", "ProfileMatch.Data\ProfileMatch.Data.csproj", "{0979B691-8CB9-42D4-AE0F-431B558A9F5F}"
EndProject
Project("{9A19103F-16F7-4668-BE54-9A1E7A4F7556}") = "ProfileMatch.Components", "ProfileMatch.Components\ProfileMatch.Components.csproj", "{6DCC9EC1-9F43-4159-92A8-714816092E05}"
EndProject
Global
	GlobalSection(SolutionConfigurationPlatforms) = preSolution
		Debug|Any CPU = Debug|Any CPU
		Release|Any CPU = Release|Any CPU
	EndGlobalSection
	GlobalSection(ProjectConfigurationPlatforms) = postSolution
		{FA917FAC-00F4-4B95-ABF0-917A31B06C42}.Debug|Any CPU.ActiveCfg = Debug|Any CPU
		{FA917FAC-00F4-4B95-ABF0-917A31B06C42}.Debug|Any CPU.Build.0 = Debug|Any CPU
		{FA917FAC-00F4-4B95-ABF0-917A31B06C42}.Release|Any CPU.ActiveCfg = Release|Any CPU
		{FA917FAC-00F4-4B95-ABF0-917A31B06C42}.Release|Any CPU.Build.0 = Release|Any CPU
		{2E5DD41C-759B-40CE-886B-A9408025E46C}.Debug|Any CPU.ActiveCfg = Debug|Any CPU
		{2E5DD41C-759B-40CE-886B-A9408025E46C}.Debug|Any CPU.Build.0 = Debug|Any CPU
		{2E5DD41C-759B-40CE-886B-A9408025E46C}.Release|Any CPU.ActiveCfg = Release|Any CPU
		{2E5DD41C-759B-40CE-886B-A9408025E46C}.Release|Any CPU.Build.0 = Release|Any CPU
		{2B16B757-8E2F-4D61-A9E1-8B6407DDE69D}.Debug|Any CPU.ActiveCfg = Debug|Any CPU
		{2B16B757-8E2F-4D61-A9E1-8B6407DDE69D}.Debug|Any CPU.Build.0 = Debug|Any CPU
		{2B16B757-8E2F-4D61-A9E1-8B6407DDE69D}.Release|Any CPU.ActiveCfg = Release|Any CPU
		{2B16B757-8E2F-4D61-A9E1-8B6407DDE69D}.Release|Any CPU.Build.0 = Release|Any CPU
		{F5FD92F0-060A-45BF-B9A4-7319BE0B27EC}.Debug|Any CPU.ActiveCfg = Debug|Any CPU
		{F5FD92F0-060A-45BF-B9A4-7319BE0B27EC}.Debug|Any CPU.Build.0 = Debug|Any CPU
		{F5FD92F0-060A-45BF-B9A4-7319BE0B27EC}.Release|Any CPU.ActiveCfg = Release|Any CPU
		{F5FD92F0-060A-45BF-B9A4-7319BE0B27EC}.Release|Any CPU.Build.0 = Release|Any CPU
		{E49DE8C6-61A8-42B2-B4C2-CE8147434798}.Debug|Any CPU.ActiveCfg = Debug|Any CPU
		{E49DE8C6-61A8-42B2-B4C2-CE8147434798}.Debug|Any CPU.Build.0 = Debug|Any CPU
		{E49DE8C6-61A8-42B2-B4C2-CE8147434798}.Release|Any CPU.ActiveCfg = Release|Any CPU
		{E49DE8C6-61A8-42B2-B4C2-CE8147434798}.Release|Any CPU.Build.0 = Release|Any CPU
		{0979B691-8CB9-42D4-AE0F-431B558A9F5F}.Debug|Any CPU.ActiveCfg = Debug|Any CPU
		{0979B691-8CB9-42D4-AE0F-431B558A9F5F}.Debug|Any CPU.Build.0 = Debug|Any CPU
		{0979B691-8CB9-42D4-AE0F-431B558A9F5F}.Release|Any CPU.ActiveCfg = Release|Any CPU
		{0979B691-8CB9-42D4-AE0F-431B558A9F5F}.Release|Any CPU.Build.0 = Release|Any CPU
		{6DCC9EC1-9F43-4159-92A8-714816092E05}.Debug|Any CPU.ActiveCfg = Debug|Any CPU
		{6DCC9EC1-9F43-4159-92A8-714816092E05}.Debug|Any CPU.Build.0 = Debug|Any CPU
		{6DCC9EC1-9F43-4159-92A8-714816092E05}.Release|Any CPU.ActiveCfg = Release|Any CPU
		{6DCC9EC1-9F43-4159-92A8-714816092E05}.Release|Any CPU.Build.0 = Release|Any CPU
	EndGlobalSection
	GlobalSection(SolutionProperties) = preSolution
		HideSolutionNode = FALSE
	EndGlobalSection
	GlobalSection(ExtensibilityGlobals) = postSolution
		SolutionGuid = {083D1421-043E-4B3D-B98F-12AA61E8156D}
	EndGlobalSection
EndGlobal
